
Microsoft Visual Studio Solution File, Format Version 12.00
# Visual Studio Version 17
VisualStudioVersion = 17.4.33213.308
MinimumVisualStudioVersion = 10.0.40219.1
Project("{FAE04EC0-301F-11D3-BF4B-00C04F79EFBC}") = "OOPsDemo", "OOPsDemo\OOPsDemo.csproj", "{4A199383-9324-4928-9FCF-3A418AE5BBB2}"
EndProject
Global
	GlobalSection(SolutionConfigurationPlatforms) = preSolution
		Debug|Any CPU = Debug|Any CPU
		Release|Any CPU = Release|Any CPU
	EndGlobalSection
	GlobalSection(ProjectConfigurationPlatforms) = postSolution
		{4A199383-9324-4928-9FCF-3A418AE5BBB2}.Debug|Any CPU.ActiveCfg = Debug|Any CPU
		{4A199383-9324-4928-9FCF-3A418AE5BBB2}.Debug|Any CPU.Build.0 = Debug|Any CPU
		{4A199383-9324-4928-9FCF-3A418AE5BBB2}.Release|Any CPU.ActiveCfg = Release|Any CPU
		{4A199383-9324-4928-9FCF-3A418AE5BBB2}.Release|Any CPU.Build.0 = Release|Any CPU
	EndGlobalSection
	GlobalSection(SolutionProperties) = preSolution
		HideSolutionNode = FALSE
	EndGlobalSection
	GlobalSection(ExtensibilityGlobals) = postSolution
		SolutionGuid = {3E577945-2E0F-44A6-B51B-27B445547129}
	EndGlobalSection
EndGlobal
